
Microsoft Visual Studio Solution File, Format Version 12.00
# Visual Studio Version 17
VisualStudioVersion = 17.14.36518.9 d17.14
MinimumVisualStudioVersion = 10.0.40219.1
Project("{FAE04EC0-301F-11D3-BF4B-00C04F79EFBC}") = "ServidorLanches", "ServidorLanches\ServidorLanches.csproj", "{36822577-DD61-4A24-8A24-DA9A870DE257}"
EndProject
Global
	GlobalSection(SolutionConfigurationPlatforms) = preSolution
		Debug|Any CPU = Debug|Any CPU
		Release|Any CPU = Release|Any CPU
	EndGlobalSection
	GlobalSection(ProjectConfigurationPlatforms) = postSolution
		{36822577-DD61-4A24-8A24-DA9A870DE257}.Debug|Any CPU.ActiveCfg = Debug|Any CPU
		{36822577-DD61-4A24-8A24-DA9A870DE257}.Debug|Any CPU.Build.0 = Debug|Any CPU
		{36822577-DD61-4A24-8A24-DA9A870DE257}.Release|Any CPU.ActiveCfg = Release|Any CPU
		{36822577-DD61-4A24-8A24-DA9A870DE257}.Release|Any CPU.Build.0 = Release|Any CPU
	EndGlobalSection
	GlobalSection(SolutionProperties) = preSolution
		HideSolutionNode = FALSE
	EndGlobalSection
	GlobalSection(ExtensibilityGlobals) = postSolution
		SolutionGuid = {E6EA9D78-837B-441D-A7A3-6D56033372FB}
	EndGlobalSection
EndGlobal
